
Microsoft Visual Studio Solution File, Format Version 12.00
# Visual Studio Version 17
VisualStudioVersion = 17.14.36109.1
MinimumVisualStudioVersion = 10.0.40219.1
Project("{FAE04EC0-301F-11D3-BF4B-00C04F79EFBC}") = "SpookyLlama", "SpookyLlama\SpookyLlama.csproj", "{5AD5444B-4629-4E2B-B252-330993C53208}"
EndProject
Project("{FAE04EC0-301F-11D3-BF4B-00C04F79EFBC}") = "SpookyLlamaCommon", "SpookyLlamaCommon\SpookyLlamaCommon.csproj", "{C0C4D972-8F2A-4D23-A636-8013B2133CF8}"
EndProject
Project("{FAE04EC0-301F-11D3-BF4B-00C04F79EFBC}") = "SpookyLlamaBlazor", "SpookyLlamaBlazor\SpookyLlamaBlazor.csproj", "{ADFBFC0E-B027-4E23-8C76-F9061EE03805}"
EndProject
Project("{FAE04EC0-301F-11D3-BF4B-00C04F79EFBC}") = "SpookyLlamaBlazor.Tests", "SpookyLlamaBlazor.Tests\SpookyLlamaBlazor.Tests.csproj", "{6F01A6E4-82AA-42E0-9C0E-0E9A0E7401D3}"
EndProject
Project("{FAE04EC0-301F-11D3-BF4B-00C04F79EFBC}") = "SpookyLlamaApi", "SpookyLlamaApi\SpookyLlamaApi.csproj", "{91E836B3-ADF4-4685-8AFB-4D722B1A69E5}"
EndProject
Project("{FAE04EC0-301F-11D3-BF4B-00C04F79EFBC}") = "SpookyLlama.AppHost", "SpookyLlama.AppHost\SpookyLlama.AppHost.csproj", "{015FFDE3-2614-4F41-9B52-C3E583D451B3}"
EndProject
Project("{FAE04EC0-301F-11D3-BF4B-00C04F79EFBC}") = "SpookyLlama.ServiceDefaults", "SpookyLlama.ServiceDefaults\SpookyLlama.ServiceDefaults.csproj", "{37B0EA41-8614-4F9C-8CCA-299F6DDF4D89}"
EndProject
Project("{FAE04EC0-301F-11D3-BF4B-00C04F79EFBC}") = "SpookyLlamaSpeechService", "SpookyLlamaSpeechService\SpookyLlamaSpeechService.csproj", "{3F9A8B79-878B-4425-A5D2-D1FE864AE81C}"
EndProject
Project("{FAE04EC0-301F-11D3-BF4B-00C04F79EFBC}") = "SpookyLlamaSpeechService.Tests", "SpookyLlamaSpeechService.Tests\SpookyLlamaSpeechService.Tests.csproj", "{11448975-06F8-45A3-8C66-8C83729CD1BA}"
EndProject
Global
	GlobalSection(SolutionConfigurationPlatforms) = preSolution
		Debug|Any CPU = Debug|Any CPU
		Debug|x64 = Debug|x64
		Debug|x86 = Debug|x86
		Release|Any CPU = Release|Any CPU
		Release|x64 = Release|x64
		Release|x86 = Release|x86
	EndGlobalSection
	GlobalSection(ProjectConfigurationPlatforms) = postSolution
		{5AD5444B-4629-4E2B-B252-330993C53208}.Debug|Any CPU.ActiveCfg = Debug|Any CPU
		{5AD5444B-4629-4E2B-B252-330993C53208}.Debug|Any CPU.Build.0 = Debug|Any CPU
		{5AD5444B-4629-4E2B-B252-330993C53208}.Debug|x64.ActiveCfg = Debug|Any CPU
		{5AD5444B-4629-4E2B-B252-330993C53208}.Debug|x64.Build.0 = Debug|Any CPU
		{5AD5444B-4629-4E2B-B252-330993C53208}.Debug|x86.ActiveCfg = Debug|Any CPU
		{5AD5444B-4629-4E2B-B252-330993C53208}.Debug|x86.Build.0 = Debug|Any CPU
		{5AD5444B-4629-4E2B-B252-330993C53208}.Release|Any CPU.ActiveCfg = Release|Any CPU
		{5AD5444B-4629-4E2B-B252-330993C53208}.Release|Any CPU.Build.0 = Release|Any CPU
		{5AD5444B-4629-4E2B-B252-330993C53208}.Release|x64.ActiveCfg = Release|Any CPU
		{5AD5444B-4629-4E2B-B252-330993C53208}.Release|x64.Build.0 = Release|Any CPU
		{5AD5444B-4629-4E2B-B252-330993C53208}.Release|x86.ActiveCfg = Release|Any CPU
		{5AD5444B-4629-4E2B-B252-330993C53208}.Release|x86.Build.0 = Release|Any CPU
		{C0C4D972-8F2A-4D23-A636-8013B2133CF8}.Debug|Any CPU.ActiveCfg = Debug|Any CPU
		{C0C4D972-8F2A-4D23-A636-8013B2133CF8}.Debug|Any CPU.Build.0 = Debug|Any CPU
		{C0C4D972-8F2A-4D23-A636-8013B2133CF8}.Debug|x64.ActiveCfg = Debug|Any CPU
		{C0C4D972-8F2A-4D23-A636-8013B2133CF8}.Debug|x64.Build.0 = Debug|Any CPU
		{C0C4D972-8F2A-4D23-A636-8013B2133CF8}.Debug|x86.ActiveCfg = Debug|Any CPU
		{C0C4D972-8F2A-4D23-A636-8013B2133CF8}.Debug|x86.Build.0 = Debug|Any CPU
		{C0C4D972-8F2A-4D23-A636-8013B2133CF8}.Release|Any CPU.ActiveCfg = Release|Any CPU
		{C0C4D972-8F2A-4D23-A636-8013B2133CF8}.Release|Any CPU.Build.0 = Release|Any CPU
		{C0C4D972-8F2A-4D23-A636-8013B2133CF8}.Release|x64.ActiveCfg = Release|Any CPU
		{C0C4D972-8F2A-4D23-A636-8013B2133CF8}.Release|x64.Build.0 = Release|Any CPU
		{C0C4D972-8F2A-4D23-A636-8013B2133CF8}.Release|x86.ActiveCfg = Release|Any CPU
		{C0C4D972-8F2A-4D23-A636-8013B2133CF8}.Release|x86.Build.0 = Release|Any CPU
		{ADFBFC0E-B027-4E23-8C76-F9061EE03805}.Debug|Any CPU.ActiveCfg = Debug|Any CPU
		{ADFBFC0E-B027-4E23-8C76-F9061EE03805}.Debug|Any CPU.Build.0 = Debug|Any CPU
		{ADFBFC0E-B027-4E23-8C76-F9061EE03805}.Debug|x64.ActiveCfg = Debug|Any CPU
		{ADFBFC0E-B027-4E23-8C76-F9061EE03805}.Debug|x64.Build.0 = Debug|Any CPU
		{ADFBFC0E-B027-4E23-8C76-F9061EE03805}.Debug|x86.ActiveCfg = Debug|Any CPU
		{ADFBFC0E-B027-4E23-8C76-F9061EE03805}.Debug|x86.Build.0 = Debug|Any CPU
		{ADFBFC0E-B027-4E23-8C76-F9061EE03805}.Release|Any CPU.ActiveCfg = Release|Any CPU
		{ADFBFC0E-B027-4E23-8C76-F9061EE03805}.Release|Any CPU.Build.0 = Release|Any CPU
		{ADFBFC0E-B027-4E23-8C76-F9061EE03805}.Release|x64.ActiveCfg = Release|Any CPU
		{ADFBFC0E-B027-4E23-8C76-F9061EE03805}.Release|x64.Build.0 = Release|Any CPU
		{ADFBFC0E-B027-4E23-8C76-F9061EE03805}.Release|x86.ActiveCfg = Release|Any CPU
		{ADFBFC0E-B027-4E23-8C76-F9061EE03805}.Release|x86.Build.0 = Release|Any CPU
		{6F01A6E4-82AA-42E0-9C0E-0E9A0E7401D3}.Debug|Any CPU.ActiveCfg = Debug|Any CPU
		{6F01A6E4-82AA-42E0-9C0E-0E9A0E7401D3}.Debug|Any CPU.Build.0 = Debug|Any CPU
		{6F01A6E4-82AA-42E0-9C0E-0E9A0E7401D3}.Debug|x64.ActiveCfg = Debug|Any CPU
		{6F01A6E4-82AA-42E0-9C0E-0E9A0E7401D3}.Debug|x64.Build.0 = Debug|Any CPU
		{6F01A6E4-82AA-42E0-9C0E-0E9A0E7401D3}.Debug|x86.ActiveCfg = Debug|Any CPU
		{6F01A6E4-82AA-42E0-9C0E-0E9A0E7401D3}.Debug|x86.Build.0 = Debug|Any CPU
		{6F01A6E4-82AA-42E0-9C0E-0E9A0E7401D3}.Release|Any CPU.ActiveCfg = Release|Any CPU
		{6F01A6E4-82AA-42E0-9C0E-0E9A0E7401D3}.Release|Any CPU.Build.0 = Release|Any CPU
		{6F01A6E4-82AA-42E0-9C0E-0E9A0E7401D3}.Release|x64.ActiveCfg = Release|Any CPU
		{6F01A6E4-82AA-42E0-9C0E-0E9A0E7401D3}.Release|x64.Build.0 = Release|Any CPU
		{6F01A6E4-82AA-42E0-9C0E-0E9A0E7401D3}.Release|x86.ActiveCfg = Release|Any CPU
		{6F01A6E4-82AA-42E0-9C0E-0E9A0E7401D3}.Release|x86.Build.0 = Release|Any CPU
		{91E836B3-ADF4-4685-8AFB-4D722B1A69E5}.Debug|Any CPU.ActiveCfg = Debug|Any CPU
		{91E836B3-ADF4-4685-8AFB-4D722B1A69E5}.Debug|Any CPU.Build.0 = Debug|Any CPU
		{91E836B3-ADF4-4685-8AFB-4D722B1A69E5}.Debug|x64.ActiveCfg = Debug|Any CPU
		{91E836B3-ADF4-4685-8AFB-4D722B1A69E5}.Debug|x64.Build.0 = Debug|Any CPU
		{91E836B3-ADF4-4685-8AFB-4D722B1A69E5}.Debug|x86.ActiveCfg = Debug|Any CPU
		{91E836B3-ADF4-4685-8AFB-4D722B1A69E5}.Debug|x86.Build.0 = Debug|Any CPU
		{91E836B3-ADF4-4685-8AFB-4D722B1A69E5}.Release|Any CPU.ActiveCfg = Release|Any CPU
		{91E836B3-ADF4-4685-8AFB-4D722B1A69E5}.Release|Any CPU.Build.0 = Release|Any CPU
		{91E836B3-ADF4-4685-8AFB-4D722B1A69E5}.Release|x64.ActiveCfg = Release|Any CPU
		{91E836B3-ADF4-4685-8AFB-4D722B1A69E5}.Release|x64.Build.0 = Release|Any CPU
		{91E836B3-ADF4-4685-8AFB-4D722B1A69E5}.Release|x86.ActiveCfg = Release|Any CPU
		{91E836B3-ADF4-4685-8AFB-4D722B1A69E5}.Release|x86.Build.0 = Release|Any CPU
		{015FFDE3-2614-4F41-9B52-C3E583D451B3}.Debug|Any CPU.ActiveCfg = Debug|Any CPU
		{015FFDE3-2614-4F41-9B52-C3E583D451B3}.Debug|Any CPU.Build.0 = Debug|Any CPU
		{015FFDE3-2614-4F41-9B52-C3E583D451B3}.Debug|x64.ActiveCfg = Debug|Any CPU
		{015FFDE3-2614-4F41-9B52-C3E583D451B3}.Debug|x64.Build.0 = Debug|Any CPU
		{015FFDE3-2614-4F41-9B52-C3E583D451B3}.Debug|x86.ActiveCfg = Debug|Any CPU
		{015FFDE3-2614-4F41-9B52-C3E583D451B3}.Debug|x86.Build.0 = Debug|Any CPU
		{015FFDE3-2614-4F41-9B52-C3E583D451B3}.Release|Any CPU.ActiveCfg = Release|Any CPU
		{015FFDE3-2614-4F41-9B52-C3E583D451B3}.Release|Any CPU.Build.0 = Release|Any CPU
		{015FFDE3-2614-4F41-9B52-C3E583D451B3}.Release|x64.ActiveCfg = Release|Any CPU
		{015FFDE3-2614-4F41-9B52-C3E583D451B3}.Release|x64.Build.0 = Release|Any CPU
		{015FFDE3-2614-4F41-9B52-C3E583D451B3}.Release|x86.ActiveCfg = Release|Any CPU
		{015FFDE3-2614-4F41-9B52-C3E583D451B3}.Release|x86.Build.0 = Release|Any CPU
		{37B0EA41-8614-4F9C-8CCA-299F6DDF4D89}.Debug|Any CPU.ActiveCfg = Debug|Any CPU
		{37B0EA41-8614-4F9C-8CCA-299F6DDF4D89}.Debug|Any CPU.Build.0 = Debug|Any CPU
		{37B0EA41-8614-4F9C-8CCA-299F6DDF4D89}.Debug|x64.ActiveCfg = Debug|Any CPU
		{37B0EA41-8614-4F9C-8CCA-299F6DDF4D89}.Debug|x64.Build.0 = Debug|Any CPU
		{37B0EA41-8614-4F9C-8CCA-299F6DDF4D89}.Debug|x86.ActiveCfg = Debug|Any CPU
		{37B0EA41-8614-4F9C-8CCA-299F6DDF4D89}.Debug|x86.Build.0 = Debug|Any CPU
		{37B0EA41-8614-4F9C-8CCA-299F6DDF4D89}.Release|Any CPU.ActiveCfg = Release|Any CPU
		{37B0EA41-8614-4F9C-8CCA-299F6DDF4D89}.Release|Any CPU.Build.0 = Release|Any CPU
		{37B0EA41-8614-4F9C-8CCA-299F6DDF4D89}.Release|x64.ActiveCfg = Release|Any CPU
		{37B0EA41-8614-4F9C-8CCA-299F6DDF4D89}.Release|x64.Build.0 = Release|Any CPU
		{37B0EA41-8614-4F9C-8CCA-299F6DDF4D89}.Release|x86.ActiveCfg = Release|Any CPU
		{37B0EA41-8614-4F9C-8CCA-299F6DDF4D89}.Release|x86.Build.0 = Release|Any CPU
		{3F9A8B79-878B-4425-A5D2-D1FE864AE81C}.Debug|Any CPU.ActiveCfg = Debug|Any CPU
		{3F9A8B79-878B-4425-A5D2-D1FE864AE81C}.Debug|Any CPU.Build.0 = Debug|Any CPU
		{3F9A8B79-878B-4425-A5D2-D1FE864AE81C}.Debug|x64.ActiveCfg = Debug|Any CPU
		{3F9A8B79-878B-4425-A5D2-D1FE864AE81C}.Debug|x64.Build.0 = Debug|Any CPU
		{3F9A8B79-878B-4425-A5D2-D1FE864AE81C}.Debug|x86.ActiveCfg = Debug|Any CPU
		{3F9A8B79-878B-4425-A5D2-D1FE864AE81C}.Debug|x86.Build.0 = Debug|Any CPU
		{3F9A8B79-878B-4425-A5D2-D1FE864AE81C}.Release|Any CPU.ActiveCfg = Release|Any CPU
		{3F9A8B79-878B-4425-A5D2-D1FE864AE81C}.Release|Any CPU.Build.0 = Release|Any CPU
		{3F9A8B79-878B-4425-A5D2-D1FE864AE81C}.Release|x64.ActiveCfg = Release|Any CPU
		{3F9A8B79-878B-4425-A5D2-D1FE864AE81C}.Release|x64.Build.0 = Release|Any CPU
		{3F9A8B79-878B-4425-A5D2-D1FE864AE81C}.Release|x86.ActiveCfg = Release|Any CPU
		{3F9A8B79-878B-4425-A5D2-D1FE864AE81C}.Release|x86.Build.0 = Release|Any CPU
		{11448975-06F8-45A3-8C66-8C83729CD1BA}.Debug|Any CPU.ActiveCfg = Debug|Any CPU
		{11448975-06F8-45A3-8C66-8C83729CD1BA}.Debug|Any CPU.Build.0 = Debug|Any CPU
		{11448975-06F8-45A3-8C66-8C83729CD1BA}.Debug|x64.ActiveCfg = Debug|Any CPU
		{11448975-06F8-45A3-8C66-8C83729CD1BA}.Debug|x64.Build.0 = Debug|Any CPU
		{11448975-06F8-45A3-8C66-8C83729CD1BA}.Debug|x86.ActiveCfg = Debug|Any CPU
		{11448975-06F8-45A3-8C66-8C83729CD1BA}.Debug|x86.Build.0 = Debug|Any CPU
		{11448975-06F8-45A3-8C66-8C83729CD1BA}.Release|Any CPU.ActiveCfg = Release|Any CPU
		{11448975-06F8-45A3-8C66-8C83729CD1BA}.Release|Any CPU.Build.0 = Release|Any CPU
		{11448975-06F8-45A3-8C66-8C83729CD1BA}.Release|x64.ActiveCfg = Release|Any CPU
		{11448975-06F8-45A3-8C66-8C83729CD1BA}.Release|x64.Build.0 = Release|Any CPU
		{11448975-06F8-45A3-8C66-8C83729CD1BA}.Release|x86.ActiveCfg = Release|Any CPU
		{11448975-06F8-45A3-8C66-8C83729CD1BA}.Release|x86.Build.0 = Release|Any CPU
	EndGlobalSection
	GlobalSection(SolutionProperties) = preSolution
		HideSolutionNode = FALSE
	EndGlobalSection
	GlobalSection(ExtensibilityGlobals) = postSolution
		SolutionGuid = {665C4416-CE25-428C-A680-369C44490EA1}
	EndGlobalSection
EndGlobal
